
Microsoft Visual Studio Solution File, Format Version 12.00
# Visual Studio Version 17
VisualStudioVersion = 17.2.32505.173
MinimumVisualStudioVersion = 10.0.40219.1
Project("{FAE04EC0-301F-11D3-BF4B-00C04F79EFBC}") = "ClassicSnakeGame", "ClassicSnakeGame\ClassicSnakeGame.csproj", "{CCF8E22C-DBF7-4826-8974-6E4193CDE1BD}"
EndProject
Global
	GlobalSection(SolutionConfigurationPlatforms) = preSolution
		Debug|Any CPU = Debug|Any CPU
		Release|Any CPU = Release|Any CPU
	EndGlobalSection
	GlobalSection(ProjectConfigurationPlatforms) = postSolution
		{CCF8E22C-DBF7-4826-8974-6E4193CDE1BD}.Debug|Any CPU.ActiveCfg = Debug|Any CPU
		{CCF8E22C-DBF7-4826-8974-6E4193CDE1BD}.Debug|Any CPU.Build.0 = Debug|Any CPU
		{CCF8E22C-DBF7-4826-8974-6E4193CDE1BD}.Release|Any CPU.ActiveCfg = Release|Any CPU
		{CCF8E22C-DBF7-4826-8974-6E4193CDE1BD}.Release|Any CPU.Build.0 = Release|Any CPU
	EndGlobalSection
	GlobalSection(SolutionProperties) = preSolution
		HideSolutionNode = FALSE
	EndGlobalSection
	GlobalSection(ExtensibilityGlobals) = postSolution
		SolutionGuid = {F70EFF64-7D05-40A9-A0C4-3C109EADA387}
	EndGlobalSection
EndGlobal
